
Microsoft Visual Studio Solution File, Format Version 12.00
# Visual Studio Version 17
VisualStudioVersion = 17.9.34714.143
MinimumVisualStudioVersion = 10.0.40219.1
Project("{FAE04EC0-301F-11D3-BF4B-00C04F79EFBC}") = "Basic", "Basic\Basic.csproj", "{9269A4D8-FD87-45CE-B2CB-55F3E2C4C1B8}"
EndProject
Project("{FAE04EC0-301F-11D3-BF4B-00C04F79EFBC}") = "IdentityWithSql", "IdentityWithSql\IdentityWithSql.csproj", "{EFCD5CCD-7035-4E54-BEB4-E4C0DE842384}"
EndProject
Global
	GlobalSection(SolutionConfigurationPlatforms) = preSolution
		Debug|Any CPU = Debug|Any CPU
		Release|Any CPU = Release|Any CPU
	EndGlobalSection
	GlobalSection(ProjectConfigurationPlatforms) = postSolution
		{9269A4D8-FD87-45CE-B2CB-55F3E2C4C1B8}.Debug|Any CPU.ActiveCfg = Debug|Any CPU
		{9269A4D8-FD87-45CE-B2CB-55F3E2C4C1B8}.Debug|Any CPU.Build.0 = Debug|Any CPU
		{9269A4D8-FD87-45CE-B2CB-55F3E2C4C1B8}.Release|Any CPU.ActiveCfg = Release|Any CPU
		{9269A4D8-FD87-45CE-B2CB-55F3E2C4C1B8}.Release|Any CPU.Build.0 = Release|Any CPU
		{EFCD5CCD-7035-4E54-BEB4-E4C0DE842384}.Debug|Any CPU.ActiveCfg = Debug|Any CPU
		{EFCD5CCD-7035-4E54-BEB4-E4C0DE842384}.Debug|Any CPU.Build.0 = Debug|Any CPU
		{EFCD5CCD-7035-4E54-BEB4-E4C0DE842384}.Release|Any CPU.ActiveCfg = Release|Any CPU
		{EFCD5CCD-7035-4E54-BEB4-E4C0DE842384}.Release|Any CPU.Build.0 = Release|Any CPU
	EndGlobalSection
	GlobalSection(SolutionProperties) = preSolution
		HideSolutionNode = FALSE
	EndGlobalSection
	GlobalSection(ExtensibilityGlobals) = postSolution
		SolutionGuid = {6E36EA92-2C2E-4EB9-89E3-CA60836CB744}
	EndGlobalSection
EndGlobal
